// !$*UTF8*$!
{
	archiveVersion = 1;
	classes = {
	};
	objectVersion = 56;
	objects = {

/* Begin PBXBuildFile section */
		AD063AB12919586300568FB1 /* Main.storyboard in Resources */ = {isa = PBXBuildFile; fileRef = AD063AAF2919586300568FB1 /* Main.storyboard */; };
		AD063AB32919586400568FB1 /* Assets.xcassets in Resources */ = {isa = PBXBuildFile; fileRef = AD063AB22919586400568FB1 /* Assets.xcassets */; };
		AD063AB62919586400568FB1 /* LaunchScreen.storyboard in Resources */ = {isa = PBXBuildFile; fileRef = AD063AB42919586400568FB1 /* LaunchScreen.storyboard */; };
		AD8E9ED529D48791007E143A /* ViewController.swift in Sources */ = {isa = PBXBuildFile; fileRef = AD8E9ED229D48791007E143A /* ViewController.swift */; };
		AD8E9ED629D48791007E143A /* AppDelegate.swift in Sources */ = {isa = PBXBuildFile; fileRef = AD8E9ED329D48791007E143A /* AppDelegate.swift */; };
		AD8E9ED729D48791007E143A /* SceneDelegate.swift in Sources */ = {isa = PBXBuildFile; fileRef = AD8E9ED429D48791007E143A /* SceneDelegate.swift */; };
		AD8E9EDA29D487B3007E143A /* UIColorExtensions.swift in Sources */ = {isa = PBXBuildFile; fileRef = AD8E9ED929D487B3007E143A /* UIColorExtensions.swift */; };
		AD8E9EE129D48853007E143A /* BaseView.swift in Sources */ = {isa = PBXBuildFile; fileRef = AD8E9EDF29D48853007E143A /* BaseView.swift */; };
		AD8E9EE229D48853007E143A /* PageIndicatorView.swift in Sources */ = {isa = PBXBuildFile; fileRef = AD8E9EE029D48853007E143A /* PageIndicatorView.swift */; };
		AD8E9EE429D48968007E143A /* PageIndicatorViewModel.swift in Sources */ = {isa = PBXBuildFile; fileRef = AD8E9EE329D48968007E143A /* PageIndicatorViewModel.swift */; };
/* End PBXBuildFile section */

/* Begin PBXFileReference section */
		AD063AA62919586300568FB1 /* PageIndicatorView.app */ = {isa = PBXFileReference; explicitFileType = wrapper.application; includeInIndex = 0; path = PageIndicatorView.app; sourceTree = BUILT_PRODUCTS_DIR; };
		AD063AB02919586300568FB1 /* Base */ = {isa = PBXFileReference; lastKnownFileType = file.storyboard; name = Base; path = Base.lproj/Main.storyboard; sourceTree = "<group>"; };
		AD063AB22919586400568FB1 /* Assets.xcassets */ = {isa = PBXFileReference; lastKnownFileType = folder.assetcatalog; path = Assets.xcassets; sourceTree = "<group>"; };
		AD063AB52919586400568FB1 /* Base */ = {isa = PBXFileReference; lastKnownFileType = file.storyboard; name = Base; path = Base.lproj/LaunchScreen.storyboard; sourceTree = "<group>"; };
		AD063AB72919586400568FB1 /* Info.plist */ = {isa = PBXFileReference; lastKnownFileType = text.plist.xml; path = Info.plist; sourceTree = "<group>"; };
		AD8E9ED229D48791007E143A /* ViewController.swift */ = {isa = PBXFileReference; fileEncoding = 4; lastKnownFileType = sourcecode.swift; path = ViewController.swift; sourceTree = "<group>"; };
		AD8E9ED329D48791007E143A /* AppDelegate.swift */ = {isa = PBXFileReference; fileEncoding = 4; lastKnownFileType = sourcecode.swift; path = AppDelegate.swift; sourceTree = "<group>"; };
		AD8E9ED429D48791007E143A /* SceneDelegate.swift */ = {isa = PBXFileReference; fileEncoding = 4; lastKnownFileType = sourcecode.swift; path = SceneDelegate.swift; sourceTree = "<group>"; };
		AD8E9ED929D487B3007E143A /* UIColorExtensions.swift */ = {isa = PBXFileReference; lastKnownFileType = sourcecode.swift; path = UIColorExtensions.swift; sourceTree = "<group>"; };
		AD8E9EDF29D48853007E143A /* BaseView.swift */ = {isa = PBXFileReference; fileEncoding = 4; lastKnownFileType = sourcecode.swift; path = BaseView.swift; sourceTree = "<group>"; };
		AD8E9EE029D48853007E143A /* PageIndicatorView.swift */ = {isa = PBXFileReference; fileEncoding = 4; lastKnownFileType = sourcecode.swift; path = PageIndicatorView.swift; sourceTree = "<group>"; };
		AD8E9EE329D48968007E143A /* PageIndicatorViewModel.swift */ = {isa = PBXFileReference; lastKnownFileType = sourcecode.swift; path = PageIndicatorViewModel.swift; sourceTree = "<group>"; };
		AD8E9EE529D48EDF007E143A /* README.md */ = {isa = PBXFileReference; lastKnownFileType = net.daringfireball.markdown; path = README.md; sourceTree = "<group>"; };
/* End PBXFileReference section */

/* Begin PBXFrameworksBuildPhase section */
		AD063AA32919586300568FB1 /* Frameworks */ = {
			isa = PBXFrameworksBuildPhase;
			buildActionMask = 2147483647;
			files = (
			);
			runOnlyForDeploymentPostprocessing = 0;
		};
/* End PBXFrameworksBuildPhase section */

/* Begin PBXGroup section */
		AD063A9D2919586300568FB1 = {
			isa = PBXGroup;
			children = (
				AD8E9EE529D48EDF007E143A /* README.md */,
				AD063AA82919586300568FB1 /* PageIndicatorView */,
				AD063AA72919586300568FB1 /* Products */,
			);
			sourceTree = "<group>";
		};
		AD063AA72919586300568FB1 /* Products */ = {
			isa = PBXGroup;
			children = (
				AD063AA62919586300568FB1 /* PageIndicatorView.app */,
			);
			name = Products;
			sourceTree = "<group>";
		};
		AD063AA82919586300568FB1 /* PageIndicatorView */ = {
			isa = PBXGroup;
			children = (
				AD8E9ED129D48791007E143A /* App */,
				AD8E9ED829D487A2007E143A /* Extensions */,
				AD8E9EDE29D48853007E143A /* PageIndicatorView */,
				AD063AAF2919586300568FB1 /* Main.storyboard */,
				AD063AB22919586400568FB1 /* Assets.xcassets */,
				AD063AB42919586400568FB1 /* LaunchScreen.storyboard */,
				AD063AB72919586400568FB1 /* Info.plist */,
			);
			path = PageIndicatorView;
			sourceTree = "<group>";
		};
		AD8E9ED129D48791007E143A /* App */ = {
			isa = PBXGroup;
			children = (
				AD8E9ED329D48791007E143A /* AppDelegate.swift */,
				AD8E9ED429D48791007E143A /* SceneDelegate.swift */,
				AD8E9ED229D48791007E143A /* ViewController.swift */,
			);
			path = App;
			sourceTree = "<group>";
		};
		AD8E9ED829D487A2007E143A /* Extensions */ = {
			isa = PBXGroup;
			children = (
				AD8E9ED929D487B3007E143A /* UIColorExtensions.swift */,
			);
			path = Extensions;
			sourceTree = "<group>";
		};
		AD8E9EDE29D48853007E143A /* PageIndicatorView */ = {
			isa = PBXGroup;
			children = (
				AD8E9EE329D48968007E143A /* PageIndicatorViewModel.swift */,
				AD8E9EE029D48853007E143A /* PageIndicatorView.swift */,
				AD8E9EDF29D48853007E143A /* BaseView.swift */,
			);
			path = PageIndicatorView;
			sourceTree = "<group>";
		};
/* End PBXGroup section */

/* Begin PBXNativeTarget section */
		AD063AA52919586300568FB1 /* PageIndicatorView */ = {
			isa = PBXNativeTarget;
			buildConfigurationList = AD063ABA2919586400568FB1 /* Build configuration list for PBXNativeTarget "PageIndicatorView" */;
			buildPhases = (
				AD063AA22919586300568FB1 /* Sources */,
				AD063AA32919586300568FB1 /* Frameworks */,
				AD063AA42919586300568FB1 /* Resources */,
			);
			buildRules = (
			);
			dependencies = (
			);
			name = PageIndicatorView;
			productName = DotComponent;
			productReference = AD063AA62919586300568FB1 /* PageIndicatorView.app */;
			productType = "com.apple.product-type.application";
		};
/* End PBXNativeTarget section */

/* Begin PBXProject section */
		AD063A9E2919586300568FB1 /* Project object */ = {
			isa = PBXProject;
			attributes = {
				BuildIndependentTargetsInParallel = 1;
				LastSwiftUpdateCheck = 1410;
				LastUpgradeCheck = 1410;
				TargetAttributes = {
					AD063AA52919586300568FB1 = {
						CreatedOnToolsVersion = 14.1;
						LastSwiftMigration = 1410;
					};
				};
			};
			buildConfigurationList = AD063AA12919586300568FB1 /* Build configuration list for PBXProject "PageIndicatorView" */;
			compatibilityVersion = "Xcode 14.0";
			developmentRegion = en;
			hasScannedForEncodings = 0;
			knownRegions = (
				en,
				Base,
			);
			mainGroup = AD063A9D2919586300568FB1;
			productRefGroup = AD063AA72919586300568FB1 /* Products */;
			projectDirPath = "";
			projectRoot = "";
			targets = (
				AD063AA52919586300568FB1 /* PageIndicatorView */,
			);
		};
/* End PBXProject section */

/* Begin PBXResourcesBuildPhase section */
		AD063AA42919586300568FB1 /* Resources */ = {
			isa = PBXResourcesBuildPhase;
			buildActionMask = 2147483647;
			files = (
				AD063AB62919586400568FB1 /* LaunchScreen.storyboard in Resources */,
				AD063AB32919586400568FB1 /* Assets.xcassets in Resources */,
				AD063AB12919586300568FB1 /* Main.storyboard in Resources */,
			);
			runOnlyForDeploymentPostprocessing = 0;
		};
/* End PBXResourcesBuildPhase section */

/* Begin PBXSourcesBuildPhase section */
		AD063AA22919586300568FB1 /* Sources */ = {
			isa = PBXSourcesBuildPhase;
			buildActionMask = 2147483647;
			files = (
				AD8E9ED729D48791007E143A /* SceneDelegate.swift in Sources */,
				AD8E9ED629D48791007E143A /* AppDelegate.swift in Sources */,
				AD8E9EE429D48968007E143A /* PageIndicatorViewModel.swift in Sources */,
				AD8E9ED529D48791007E143A /* ViewController.swift in Sources */,
				AD8E9EDA29D487B3007E143A /* UIColorExtensions.swift in Sources */,
				AD8E9EE129D48853007E143A /* BaseView.swift in Sources */,
				AD8E9EE229D48853007E143A /* PageIndicatorView.swift in Sources */,
			);
			runOnlyForDeploymentPostprocessing = 0;
		};
/* End PBXSourcesBuildPhase section */

/* Begin PBXVariantGroup section */
		AD063AAF2919586300568FB1 /* Main.storyboard */ = {
			isa = PBXVariantGroup;
			children = (
				AD063AB02919586300568FB1 /* Base */,
			);
			name = Main.storyboard;
			sourceTree = "<group>";
		};
		AD063AB42919586400568FB1 /* LaunchScreen.storyboard */ = {
			isa = PBXVariantGroup;
			children = (
				AD063AB52919586400568FB1 /* Base */,
			);
			name = LaunchScreen.storyboard;
			sourceTree = "<group>";
		};
/* End PBXVariantGroup section */

/* Begin XCBuildConfiguration section */
		AD063AB82919586400568FB1 /* Debug */ = {
			isa = XCBuildConfiguration;
			buildSettings = {
				ALWAYS_SEARCH_USER_PATHS = NO;
				CLANG_ANALYZER_NONNULL = YES;
				CLANG_ANALYZER_NUMBER_OBJECT_CONVERSION = YES_AGGRESSIVE;
				CLANG_CXX_LANGUAGE_STANDARD = "gnu++20";
				CLANG_ENABLE_MODULES = YES;
				CLANG_ENABLE_OBJC_ARC = YES;
				CLANG_ENABLE_OBJC_WEAK = YES;
				CLANG_WARN_BLOCK_CAPTURE_AUTORELEASING = YES;
				CLANG_WARN_BOOL_CONVERSION = YES;
				CLANG_WARN_COMMA = YES;
				CLANG_WARN_CONSTANT_CONVERSION = YES;
				CLANG_WARN_DEPRECATED_OBJC_IMPLEMENTATIONS = YES;
				CLANG_WARN_DIRECT_OBJC_ISA_USAGE = YES_ERROR;
				CLANG_WARN_DOCUMENTATION_COMMENTS = YES;
				CLANG_WARN_EMPTY_BODY = YES;
				CLANG_WARN_ENUM_CONVERSION = YES;
				CLANG_WARN_INFINITE_RECURSION = YES;
				CLANG_WARN_INT_CONVERSION = YES;
				CLANG_WARN_NON_LITERAL_NULL_CONVERSION = YES;
				CLANG_WARN_OBJC_IMPLICIT_RETAIN_SELF = YES;
				CLANG_WARN_OBJC_LITERAL_CONVERSION = YES;
				CLANG_WARN_OBJC_ROOT_CLASS = YES_ERROR;
				CLANG_WARN_QUOTED_INCLUDE_IN_FRAMEWORK_HEADER = YES;
				CLANG_WARN_RANGE_LOOP_ANALYSIS = YES;
				CLANG_WARN_STRICT_PROTOTYPES = YES;
				CLANG_WARN_SUSPICIOUS_MOVE = YES;
				CLANG_WARN_UNGUARDED_AVAILABILITY = YES_AGGRESSIVE;
				CLANG_WARN_UNREACHABLE_CODE = YES;
				CLANG_WARN__DUPLICATE_METHOD_MATCH = YES;
				COPY_PHASE_STRIP = NO;
				DEBUG_INFORMATION_FORMAT = dwarf;
				ENABLE_STRICT_OBJC_MSGSEND = YES;
				ENABLE_TESTABILITY = YES;
				GCC_C_LANGUAGE_STANDARD = gnu11;
				GCC_DYNAMIC_NO_PIC = NO;
				GCC_NO_COMMON_BLOCKS = YES;
				GCC_OPTIMIZATION_LEVEL = 0;
				GCC_PREPROCESSOR_DEFINITIONS = (
					"DEBUG=1",
					"$(inherited)",
				);
				GCC_WARN_64_TO_32_BIT_CONVERSION = YES;
				GCC_WARN_ABOUT_RETURN_TYPE = YES_ERROR;
				GCC_WARN_UNDECLARED_SELECTOR = YES;
				GCC_WARN_UNINITIALIZED_AUTOS = YES_AGGRESSIVE;
				GCC_WARN_UNUSED_FUNCTION = YES;
				GCC_WARN_UNUSED_VARIABLE = YES;
				IPHONEOS_DEPLOYMENT_TARGET = 16.1;
				MTL_ENABLE_DEBUG_INFO = INCLUDE_SOURCE;
				MTL_FAST_MATH = YES;
				ONLY_ACTIVE_ARCH = YES;
				SDKROOT = iphoneos;
				SWIFT_ACTIVE_COMPILATION_CONDITIONS = DEBUG;
				SWIFT_OPTIMIZATION_LEVEL = "-Onone";
			};
			name = Debug;
		};
		AD063AB92919586400568FB1 /* Release */ = {
			isa = XCBuildConfiguration;
			buildSettings = {
				ALWAYS_SEARCH_USER_PATHS = NO;
				CLANG_ANALYZER_NONNULL = YES;
				CLANG_ANALYZER_NUMBER_OBJECT_CONVERSION = YES_AGGRESSIVE;
				CLANG_CXX_LANGUAGE_STANDARD = "gnu++20";
				CLANG_ENABLE_MODULES = YES;
				CLANG_ENABLE_OBJC_ARC = YES;
				CLANG_ENABLE_OBJC_WEAK = YES;
				CLANG_WARN_BLOCK_CAPTURE_AUTORELEASING = YES;
				CLANG_WARN_BOOL_CONVERSION = YES;
				CLANG_WARN_COMMA = YES;
				CLANG_WARN_CONSTANT_CONVERSION = YES;
				CLANG_WARN_DEPRECATED_OBJC_IMPLEMENTATIONS = YES;
				CLANG_WARN_DIRECT_OBJC_ISA_USAGE = YES_ERROR;
				CLANG_WARN_DOCUMENTATION_COMMENTS = YES;
				CLANG_WARN_EMPTY_BODY = YES;
				CLANG_WARN_ENUM_CONVERSION = YES;
				CLANG_WARN_INFINITE_RECURSION = YES;
				CLANG_WARN_INT_CONVERSION = YES;
				CLANG_WARN_NON_LITERAL_NULL_CONVERSION = YES;
				CLANG_WARN_OBJC_IMPLICIT_RETAIN_SELF = YES;
				CLANG_WARN_OBJC_LITERAL_CONVERSION = YES;
				CLANG_WARN_OBJC_ROOT_CLASS = YES_ERROR;
				CLANG_WARN_QUOTED_INCLUDE_IN_FRAMEWORK_HEADER = YES;
				CLANG_WARN_RANGE_LOOP_ANALYSIS = YES;
				CLANG_WARN_STRICT_PROTOTYPES = YES;
				CLANG_WARN_SUSPICIOUS_MOVE = YES;
				CLANG_WARN_UNGUARDED_AVAILABILITY = YES_AGGRESSIVE;
				CLANG_WARN_UNREACHABLE_CODE = YES;
				CLANG_WARN__DUPLICATE_METHOD_MATCH = YES;
				COPY_PHASE_STRIP = NO;
				DEBUG_INFORMATION_FORMAT = "dwarf-with-dsym";
				ENABLE_NS_ASSERTIONS = NO;
				ENABLE_STRICT_OBJC_MSGSEND = YES;
				GCC_C_LANGUAGE_STANDARD = gnu11;
				GCC_NO_COMMON_BLOCKS = YES;
				GCC_WARN_64_TO_32_BIT_CONVERSION = YES;
				GCC_WARN_ABOUT_RETURN_TYPE = YES_ERROR;
				GCC_WARN_UNDECLARED_SELECTOR = YES;
				GCC_WARN_UNINITIALIZED_AUTOS = YES_AGGRESSIVE;
				GCC_WARN_UNUSED_FUNCTION = YES;
				GCC_WARN_UNUSED_VARIABLE = YES;
				IPHONEOS_DEPLOYMENT_TARGET = 16.1;
				MTL_ENABLE_DEBUG_INFO = NO;
				MTL_FAST_MATH = YES;
				SDKROOT = iphoneos;
				SWIFT_COMPILATION_MODE = wholemodule;
				SWIFT_OPTIMIZATION_LEVEL = "-O";
				VALIDATE_PRODUCT = YES;
			};
			name = Release;
		};
		AD063ABB2919586400568FB1 /* Debug */ = {
			isa = XCBuildConfiguration;
			buildSettings = {
				ASSETCATALOG_COMPILER_APPICON_NAME = AppIcon;
				ASSETCATALOG_COMPILER_GLOBAL_ACCENT_COLOR_NAME = AccentColor;
				CLANG_ENABLE_MODULES = YES;
				CODE_SIGN_STYLE = Automatic;
				CURRENT_PROJECT_VERSION = 1;
				DEVELOPMENT_TEAM = G9N53683T3;
				GENERATE_INFOPLIST_FILE = YES;
				INFOPLIST_FILE = PageIndicatorView/Info.plist;
				INFOPLIST_KEY_UIApplicationSupportsIndirectInputEvents = YES;
				INFOPLIST_KEY_UILaunchStoryboardName = LaunchScreen;
				INFOPLIST_KEY_UIMainStoryboardFile = Main;
				INFOPLIST_KEY_UISupportedInterfaceOrientations_iPad = "UIInterfaceOrientationPortrait UIInterfaceOrientationPortraitUpsideDown UIInterfaceOrientationLandscapeLeft UIInterfaceOrientationLandscapeRight";
				INFOPLIST_KEY_UISupportedInterfaceOrientations_iPhone = "UIInterfaceOrientationPortrait UIInterfaceOrientationLandscapeLeft UIInterfaceOrientationLandscapeRight";
				IPHONEOS_DEPLOYMENT_TARGET = 13.0;
				LD_RUNPATH_SEARCH_PATHS = (
					"$(inherited)",
					"@executable_path/Frameworks",
				);
				MARKETING_VERSION = 1.0;
				PRODUCT_BUNDLE_IDENTIFIER = com.zsergey.PageIndicatorView;
				PRODUCT_NAME = "$(TARGET_NAME)";
				SWIFT_EMIT_LOC_STRINGS = YES;
				SWIFT_OBJC_BRIDGING_HEADER = "";
				SWIFT_OPTIMIZATION_LEVEL = "-Onone";
				SWIFT_VERSION = 5.0;
				TARGETED_DEVICE_FAMILY = "1,2";
			};
			name = Debug;
		};
		AD063ABC2919586400568FB1 /* Release */ = {
			isa = XCBuildConfiguration;
			buildSettings = {
				ASSETCATALOG_COMPILER_APPICON_NAME = AppIcon;
				ASSETCATALOG_COMPILER_GLOBAL_ACCENT_COLOR_NAME = AccentColor;
				CLANG_ENABLE_MODULES = YES;
				CODE_SIGN_STYLE = Automatic;
				CURRENT_PROJECT_VERSION = 1;
				DEVELOPMENT_TEAM = G9N53683T3;
				GENERATE_INFOPLIST_FILE = YES;
				INFOPLIST_FILE = PageIndicatorView/Info.plist;
				INFOPLIST_KEY_UIApplicationSupportsIndirectInputEvents = YES;
				INFOPLIST_KEY_UILaunchStoryboardName = LaunchScreen;
				INFOPLIST_KEY_UIMainStoryboardFile = Main;
				INFOPLIST_KEY_UISupportedInterfaceOrientations_iPad = "UIInterfaceOrientationPortrait UIInterfaceOrientationPortraitUpsideDown UIInterfaceOrientationLandscapeLeft UIInterfaceOrientationLandscapeRight";
				INFOPLIST_KEY_UISupportedInterfaceOrientations_iPhone = "UIInterfaceOrientationPortrait UIInterfaceOrientationLandscapeLeft UIInterfaceOrientationLandscapeRight";
				IPHONEOS_DEPLOYMENT_TARGET = 13.0;
				LD_RUNPATH_SEARCH_PATHS = (
					"$(inherited)",
					"@executable_path/Frameworks",
				);
				MARKETING_VERSION = 1.0;
				PRODUCT_BUNDLE_IDENTIFIER = com.zsergey.PageIndicatorView;
				PRODUCT_NAME = "$(TARGET_NAME)";
				SWIFT_EMIT_LOC_STRINGS = YES;
				SWIFT_OBJC_BRIDGING_HEADER = "";
				SWIFT_VERSION = 5.0;
				TARGETED_DEVICE_FAMILY = "1,2";
			};
			name = Release;
		};
/* End XCBuildConfiguration section */

/* Begin XCConfigurationList section */
		AD063AA12919586300568FB1 /* Build configuration list for PBXProject "PageIndicatorView" */ = {
			isa = XCConfigurationList;
			buildConfigurations = (
				AD063AB82919586400568FB1 /* Debug */,
				AD063AB92919586400568FB1 /* Release */,
			);
			defaultConfigurationIsVisible = 0;
			defaultConfigurationName = Release;
		};
		AD063ABA2919586400568FB1 /* Build configuration list for PBXNativeTarget "PageIndicatorView" */ = {
			isa = XCConfigurationList;
			buildConfigurations = (
				AD063ABB2919586400568FB1 /* Debug */,
				AD063ABC2919586400568FB1 /* Release */,
			);
			defaultConfigurationIsVisible = 0;
			defaultConfigurationName = Release;
		};
/* End XCConfigurationList section */
	};
	rootObject = AD063A9E2919586300568FB1 /* Project object */;
}
